
Microsoft Visual Studio Solution File, Format Version 12.00
# Visual Studio Version 17
VisualStudioVersion = 17.5.002.0
MinimumVisualStudioVersion = 10.0.40219.1
Project("{9A19103F-16F7-4668-BE54-9A1E7A4F7556}") = "mynewconsoleapp", "mynewconsoleapp\mynewconsoleapp.csproj", "{B8744A5D-35D8-41D2-8646-BA7899623C9C}"
EndProject
Global
	GlobalSection(SolutionConfigurationPlatforms) = preSolution
		Debug|Any CPU = Debug|Any CPU
		Release|Any CPU = Release|Any CPU
	EndGlobalSection
	GlobalSection(ProjectConfigurationPlatforms) = postSolution
		{B8744A5D-35D8-41D2-8646-BA7899623C9C}.Debug|Any CPU.ActiveCfg = Debug|Any CPU
		{B8744A5D-35D8-41D2-8646-BA7899623C9C}.Debug|Any CPU.Build.0 = Debug|Any CPU
		{B8744A5D-35D8-41D2-8646-BA7899623C9C}.Release|Any CPU.ActiveCfg = Release|Any CPU
		{B8744A5D-35D8-41D2-8646-BA7899623C9C}.Release|Any CPU.Build.0 = Release|Any CPU
	EndGlobalSection
	GlobalSection(SolutionProperties) = preSolution
		HideSolutionNode = FALSE
	EndGlobalSection
	GlobalSection(ExtensibilityGlobals) = postSolution
		SolutionGuid = {D836EB8E-D9A2-4AF0-B098-C81DCBBBE4A7}
	EndGlobalSection
EndGlobal
